Microsoft Visual Studio Solution File, Format Version 12.00# Visual Studio 2012Project("{FAE04EC0-301F-11D3-BF4B-00C04F79EFBC}") = "base_platform.Entities", "base_platform.Entities\base_platform.Entities.csproj", "{3B68DBF8-47F2-4612-9FDA-39829DD73698}"EndProjectProject("{FAE04EC0-301F-11D3-BF4B-00C04F79EFBC}") = "base_platform.Daos.Interfaces", "base_platform.Daos.Interfaces\base_platform.Daos.Interfaces.csproj", "{1084DACD-B91F-48A5-9D90-606649C19E4E}"EndProjectProject("{FAE04EC0-301F-11D3-BF4B-00C04F79EFBC}") = "base_platform.Services.Interfaces", "base_platform.Services.Interfaces\base_platform.Services.Interfaces.csproj", "{3A4E03F7-A7AF-4891-B1FB-E282EB0AF673}"EndProjectProject("{FAE04EC0-301F-11D3-BF4B-00C04F79EFBC}") = "base_platform.Daos", "base_platform.Daos\base_platform.Daos.csproj", "{704DBDD4-6424-4795-91A6-98B5826FB833}"EndProjectProject("{FAE04EC0-301F-11D3-BF4B-00C04F79EFBC}") = "base_platform.Services", "base_platform.Services\base_platform.Services.csproj", "{EF693225-3A66-4035-AE78-B8850BD71DDB}"EndProjectProject("{FAE04EC0-301F-11D3-BF4B-00C04F79EFBC}") = "base_platform.TestData", "base_platform.TestData\base_platform.TestData.csproj", "{E8E89A2E-E2FA-4A91-8A8C-C970CD2BFB91}"EndProjectProject("{FAE04EC0-301F-11D3-BF4B-00C04F79EFBC}") = "base_platform.Daos.Mocks", "base_platform.Daos.Mocks\base_platform.Daos.Mocks.csproj", "{E1470BF9-93C1-467E-958C-F00A4630E167}"EndProjectProject("{FAE04EC0-301F-11D3-BF4B-00C04F79EFBC}") = "base_platform.Daos.Tests", "base_platform.Daos.Tests\base_platform.Daos.Tests.csproj", "{EB4B727F-300E-4331-9304-090DFA61D397}"EndProjectProject("{FAE04EC0-301F-11D3-BF4B-00C04F79EFBC}") = "base_platform.Services.Tests", "base_platform.Services.Tests\base_platform.Services.Tests.csproj", "{832FAFFE-2421-4AB1-B64B-3FE6E5AA974D}"EndProjectProject("{FAE04EC0-301F-11D3-BF4B-00C04F79EFBC}") = "base_platform.Web", "base_platform.Web\base_platform.Web.csproj", "{E76DEB92-9F70-47DC-A56E-FA064FAB97E9}"EndProjectProject("{FAE04EC0-301F-11D3-BF4B-00C04F79EFBC}") = "base_platform.WebApi", "base_platform.WebApi\base_platform.WebApi.csproj", "{84CEDF3D-B94B-4A7E-9F5A-DC59D9D70C8C}"EndProject<!--add customized code between this region--><!--add customized code between this region-->Global	GlobalSection(SolutionConfigurationPlatforms) = preSolution		Debug|Any CPU = Debug|Any CPU		Release|Any CPU = Release|Any CPU	EndGlobalSection	GlobalSection(ProjectConfigurationPlatforms) = postSolution		{3B68DBF8-47F2-4612-9FDA-39829DD73698}.Debug|Any CPU.ActiveCfg = Debug|Any CPU		{3B68DBF8-47F2-4612-9FDA-39829DD73698}.Debug|Any CPU.Build.0 = Debug|Any CPU		{3B68DBF8-47F2-4612-9FDA-39829DD73698}.Release|Any CPU.ActiveCfg = Release|Any CPU		{3B68DBF8-47F2-4612-9FDA-39829DD73698}.Release|Any CPU.Build.0 = Release|Any CPU		{1084DACD-B91F-48A5-9D90-606649C19E4E}.Debug|Any CPU.ActiveCfg = Debug|Any CPU		{1084DACD-B91F-48A5-9D90-606649C19E4E}.Debug|Any CPU.Build.0 = Debug|Any CPU		{1084DACD-B91F-48A5-9D90-606649C19E4E}.Release|Any CPU.ActiveCfg = Release|Any CPU		{1084DACD-B91F-48A5-9D90-606649C19E4E}.Release|Any CPU.Build.0 = Release|Any CPU		{3A4E03F7-A7AF-4891-B1FB-E282EB0AF673}.Debug|Any CPU.ActiveCfg = Debug|Any CPU		{3A4E03F7-A7AF-4891-B1FB-E282EB0AF673}.Debug|Any CPU.Build.0 = Debug|Any CPU		{3A4E03F7-A7AF-4891-B1FB-E282EB0AF673}.Release|Any CPU.ActiveCfg = Release|Any CPU		{3A4E03F7-A7AF-4891-B1FB-E282EB0AF673}.Release|Any CPU.Build.0 = Release|Any CPU		{704DBDD4-6424-4795-91A6-98B5826FB833}.Debug|Any CPU.ActiveCfg = Debug|Any CPU		{704DBDD4-6424-4795-91A6-98B5826FB833}.Debug|Any CPU.Build.0 = Debug|Any CPU		{704DBDD4-6424-4795-91A6-98B5826FB833}.Release|Any CPU.ActiveCfg = Release|Any CPU		{704DBDD4-6424-4795-91A6-98B5826FB833}.Release|Any CPU.Build.0 = Release|Any CPU		{EF693225-3A66-4035-AE78-B8850BD71DDB}.Debug|Any CPU.ActiveCfg = Debug|Any CPU		{EF693225-3A66-4035-AE78-B8850BD71DDB}.Debug|Any CPU.Build.0 = Debug|Any CPU		{EF693225-3A66-4035-AE78-B8850BD71DDB}.Release|Any CPU.ActiveCfg = Release|Any CPU		{EF693225-3A66-4035-AE78-B8850BD71DDB}.Release|Any CPU.Build.0 = Release|Any CPU		{E8E89A2E-E2FA-4A91-8A8C-C970CD2BFB91}.Debug|Any CPU.ActiveCfg = Debug|Any CPU		{E8E89A2E-E2FA-4A91-8A8C-C970CD2BFB91}.Debug|Any CPU.Build.0 = Debug|Any CPU		{E8E89A2E-E2FA-4A91-8A8C-C970CD2BFB91}.Release|Any CPU.ActiveCfg = Release|Any CPU		{E8E89A2E-E2FA-4A91-8A8C-C970CD2BFB91}.Release|Any CPU.Build.0 = Release|Any CPU		{E1470BF9-93C1-467E-958C-F00A4630E167}.Debug|Any CPU.ActiveCfg = Debug|Any CPU		{E1470BF9-93C1-467E-958C-F00A4630E167}.Debug|Any CPU.Build.0 = Debug|Any CPU		{E1470BF9-93C1-467E-958C-F00A4630E167}.Release|Any CPU.ActiveCfg = Release|Any CPU		{E1470BF9-93C1-467E-958C-F00A4630E167}.Release|Any CPU.Build.0 = Release|Any CPU		{EB4B727F-300E-4331-9304-090DFA61D397}.Debug|Any CPU.ActiveCfg = Debug|Any CPU		{EB4B727F-300E-4331-9304-090DFA61D397}.Debug|Any CPU.Build.0 = Debug|Any CPU		{EB4B727F-300E-4331-9304-090DFA61D397}.Release|Any CPU.ActiveCfg = Release|Any CPU		{EB4B727F-300E-4331-9304-090DFA61D397}.Release|Any CPU.Build.0 = Release|Any CPU		{832FAFFE-2421-4AB1-B64B-3FE6E5AA974D}.Debug|Any CPU.ActiveCfg = Debug|Any CPU		{832FAFFE-2421-4AB1-B64B-3FE6E5AA974D}.Debug|Any CPU.Build.0 = Debug|Any CPU		{832FAFFE-2421-4AB1-B64B-3FE6E5AA974D}.Release|Any CPU.ActiveCfg = Release|Any CPU		{832FAFFE-2421-4AB1-B64B-3FE6E5AA974D}.Release|Any CPU.Build.0 = Release|Any CPU		{E76DEB92-9F70-47DC-A56E-FA064FAB97E9}.Debug|Any CPU.ActiveCfg = Debug|Any CPU		{E76DEB92-9F70-47DC-A56E-FA064FAB97E9}.Debug|Any CPU.Build.0 = Debug|Any CPU		{E76DEB92-9F70-47DC-A56E-FA064FAB97E9}.Release|Any CPU.ActiveCfg = Release|Any CPU		{E76DEB92-9F70-47DC-A56E-FA064FAB97E9}.Release|Any CPU.Build.0 = Release|Any CPU		{84CEDF3D-B94B-4A7E-9F5A-DC59D9D70C8C}.Debug|Any CPU.ActiveCfg = Debug|Any CPU		{84CEDF3D-B94B-4A7E-9F5A-DC59D9D70C8C}.Debug|Any CPU.Build.0 = Debug|Any CPU		{84CEDF3D-B94B-4A7E-9F5A-DC59D9D70C8C}.Release|Any CPU.ActiveCfg = Release|Any CPU		{84CEDF3D-B94B-4A7E-9F5A-DC59D9D70C8C}.Release|Any CPU.Build.0 = Release|Any CPU		<!--add customized code between this region-->		<!--add customized code between this region-->	EndGlobalSection
	GlobalSection(SolutionProperties) = preSolution		HideSolutionNode = FALSE	EndGlobalSectionEndGlobal